
Microsoft Visual Studio Solution File, Format Version 12.00
# Visual Studio Version 16
VisualStudioVersion = 16.0.31025.194
MinimumVisualStudioVersion = 10.0.40219.1
Project("{9A19103F-16F7-4668-BE54-9A1E7A4F7556}") = "HomeWork3", "HomeWork3\HomeWork3.csproj", "{9E66E828-3E86-4C55-901E-933BDD9366AD}"
EndProject
Project("{FAE04EC0-301F-11D3-BF4B-00C04F79EFBC}") = "HW3_2", "HW3_2\HW3_2.csproj", "{F0631031-B655-436F-ADE3-1C26C625AC35}"
EndProject
Project("{FAE04EC0-301F-11D3-BF4B-00C04F79EFBC}") = "HW3_3", "HW3_3\HW3_3.csproj", "{C8E92832-C44A-4385-9B23-6592F72FF59A}"
EndProject
Global
	GlobalSection(SolutionConfigurationPlatforms) = preSolution
		Debug|Any CPU = Debug|Any CPU
		Release|Any CPU = Release|Any CPU
	EndGlobalSection
	GlobalSection(ProjectConfigurationPlatforms) = postSolution
		{9E66E828-3E86-4C55-901E-933BDD9366AD}.Debug|Any CPU.ActiveCfg = Debug|Any CPU
		{9E66E828-3E86-4C55-901E-933BDD9366AD}.Debug|Any CPU.Build.0 = Debug|Any CPU
		{9E66E828-3E86-4C55-901E-933BDD9366AD}.Release|Any CPU.ActiveCfg = Release|Any CPU
		{9E66E828-3E86-4C55-901E-933BDD9366AD}.Release|Any CPU.Build.0 = Release|Any CPU
		{F0631031-B655-436F-ADE3-1C26C625AC35}.Debug|Any CPU.ActiveCfg = Debug|Any CPU
		{F0631031-B655-436F-ADE3-1C26C625AC35}.Debug|Any CPU.Build.0 = Debug|Any CPU
		{F0631031-B655-436F-ADE3-1C26C625AC35}.Release|Any CPU.ActiveCfg = Release|Any CPU
		{F0631031-B655-436F-ADE3-1C26C625AC35}.Release|Any CPU.Build.0 = Release|Any CPU
		{C8E92832-C44A-4385-9B23-6592F72FF59A}.Debug|Any CPU.ActiveCfg = Debug|Any CPU
		{C8E92832-C44A-4385-9B23-6592F72FF59A}.Debug|Any CPU.Build.0 = Debug|Any CPU
		{C8E92832-C44A-4385-9B23-6592F72FF59A}.Release|Any CPU.ActiveCfg = Release|Any CPU
		{C8E92832-C44A-4385-9B23-6592F72FF59A}.Release|Any CPU.Build.0 = Release|Any CPU
	EndGlobalSection
	GlobalSection(SolutionProperties) = preSolution
		HideSolutionNode = FALSE
	EndGlobalSection
	GlobalSection(ExtensibilityGlobals) = postSolution
		SolutionGuid = {35F6181A-5E60-4F7C-8B46-B80346676739}
	EndGlobalSection
EndGlobal
